
Microsoft Visual Studio Solution File, Format Version 12.00
# Visual Studio Version 17
VisualStudioVersion = 17.0.31611.283
MinimumVisualStudioVersion = 10.0.40219.1
Project("{9A19103F-16F7-4668-BE54-9A1E7A4F7556}") = "DahlexApp", "DahlexApp\DahlexApp.csproj", "{1358773C-10FF-4A86-AAA9-38EBE1565C4D}"
EndProject
Project("{9A19103F-16F7-4668-BE54-9A1E7A4F7556}") = "DahlexApp.Logic", "DahlexApp.Logic\DahlexApp.Logic.csproj", "{B78ECB92-CEB1-4432-A78C-386E69BCF3E7}"
EndProject
Project("{FAE04EC0-301F-11D3-BF4B-00C04F79EFBC}") = "DahlexApp.Logic.Tests", "DahlexApp.Logic.Tests\DahlexApp.Logic.Tests.csproj", "{D47D1033-C8A0-44D7-A8F2-4524F3882FE8}"
EndProject
Global
	GlobalSection(SolutionConfigurationPlatforms) = preSolution
		Debug|Any CPU = Debug|Any CPU
		Release|Any CPU = Release|Any CPU
	EndGlobalSection
	GlobalSection(ProjectConfigurationPlatforms) = postSolution
		{1358773C-10FF-4A86-AAA9-38EBE1565C4D}.Debug|Any CPU.ActiveCfg = Debug|Any CPU
		{1358773C-10FF-4A86-AAA9-38EBE1565C4D}.Debug|Any CPU.Build.0 = Debug|Any CPU
		{1358773C-10FF-4A86-AAA9-38EBE1565C4D}.Debug|Any CPU.Deploy.0 = Debug|Any CPU
		{1358773C-10FF-4A86-AAA9-38EBE1565C4D}.Release|Any CPU.ActiveCfg = Release|Any CPU
		{1358773C-10FF-4A86-AAA9-38EBE1565C4D}.Release|Any CPU.Build.0 = Release|Any CPU
		{1358773C-10FF-4A86-AAA9-38EBE1565C4D}.Release|Any CPU.Deploy.0 = Release|Any CPU
		{B78ECB92-CEB1-4432-A78C-386E69BCF3E7}.Debug|Any CPU.ActiveCfg = Debug|Any CPU
		{B78ECB92-CEB1-4432-A78C-386E69BCF3E7}.Debug|Any CPU.Build.0 = Debug|Any CPU
		{B78ECB92-CEB1-4432-A78C-386E69BCF3E7}.Release|Any CPU.ActiveCfg = Release|Any CPU
		{B78ECB92-CEB1-4432-A78C-386E69BCF3E7}.Release|Any CPU.Build.0 = Release|Any CPU
		{D47D1033-C8A0-44D7-A8F2-4524F3882FE8}.Debug|Any CPU.ActiveCfg = Debug|Any CPU
		{D47D1033-C8A0-44D7-A8F2-4524F3882FE8}.Debug|Any CPU.Build.0 = Debug|Any CPU
		{D47D1033-C8A0-44D7-A8F2-4524F3882FE8}.Release|Any CPU.ActiveCfg = Release|Any CPU
		{D47D1033-C8A0-44D7-A8F2-4524F3882FE8}.Release|Any CPU.Build.0 = Release|Any CPU
	EndGlobalSection
	GlobalSection(SolutionProperties) = preSolution
		HideSolutionNode = FALSE
	EndGlobalSection
	GlobalSection(ExtensibilityGlobals) = postSolution
		SolutionGuid = {61F7FB11-1E47-470C-91E2-47F8143E1572}
	EndGlobalSection
EndGlobal
